<?xml version="1.0" encoding="utf-8"?>
<Project ToolsVersion="4.0" xmlns="http://schemas.microsoft.com/developer/msbuild/2003">
  <ItemGroup>
    <Filter Include="Source Files">
      <UniqueIdentifier>{4FC737F1-C7A5-4376-A066-2A32D752A2FF}</UniqueIdentifier>
      <Extensions>cpp;c;cc;cxx;def;odl;idl;hpj;bat;asm;asmx</Extensions>
    </Filter>
    <Filter Include="Header Files">
      <UniqueIdentifier>{93995380-89BD-4b04-88EB-625FBE52EBFB}</UniqueIdentifier>
      <Extensions>h;hh;hpp;hxx;hm;inl;inc;ipp;xsd</Extensions>
    </Filter>
    <Filter Include="Resource Files">
      <UniqueIdentifier>{67DA6AB6-F800-4c08-8B7A-83BB121AAD01}</UniqueIdentifier>
      <Extensions>rc;ico;cur;bmp;dlg;rc2;rct;bin;rgs;gif;jpg;jpeg;jpe;resx;tiff;tif;png;wav;mfcribbon-ms</Extensions>
    </Filter>
    <Filter Include="Source Files\Hook">
      <UniqueIdentifier>{cded14dc-6755-4aee-9661-fa2cedc92f60}</UniqueIdentifier>
    </Filter>
    <Filter Include="Source Files\Memory">
      <UniqueIdentifier>{2bf08fa0-d95f-48aa-b8e0-7dd739544f2e}</UniqueIdentifier>
    </Filter>
    <Filter Include="Header Files\Memory">
      <UniqueIdentifier>{280c0f7f-1070-45a8-a833-4aea9057d800}</UniqueIdentifier>
    </Filter>
    <Filter Include="Header Files\Hook">
      <UniqueIdentifier>{65067bb0-fe52-46e6-9cd4-9534d02f2790}</UniqueIdentifier>
    </Filter>
    <Filter Include="Header Files\Common">
      <UniqueIdentifier>{933af1ef-7e7e-4362-ac8d-cbd0517747f9}</UniqueIdentifier>
    </Filter>
    <Filter Include="Source Files\Common">
      <UniqueIdentifier>{f925209d-e267-484f-b04b-701ad2f5ff4c}</UniqueIdentifier>
    </Filter>
  </ItemGroup>
  <ItemGroup>
    <ClCompile Include="main.cpp">
      <Filter>Source Files</Filter>
    </ClCompile>
    <ClCompile Include="Memory\MemoryEdit.cpp">
      <Filter>Source Files\Memory</Filter>
    </ClCompile>
    <ClCompile Include="DummyExport.cpp">
      <Filter>Source Files</Filter>
    </ClCompile>
    <ClCompile Include="Hook/Hook.cpp">
      <Filter>Source Files\Hook</Filter>
    </ClCompile>
    <ClCompile Include="Common\ZXString.cpp">
      <Filter>Source Files\Common</Filter>
    </ClCompile>
    <ClCompile Include="ClientApp.h">
      <Filter>Header Files</Filter>
    </ClCompile>
    <ClCompile Include="ClientApp.cpp">
      <Filter>Source Files</Filter>
    </ClCompile>
  </ItemGroup>
  <ItemGroup>
    <ClInclude Include="Memory\MemoryEdit.h">
      <Filter>Header Files\Memory</Filter>
    </ClInclude>
    <ClInclude Include="detours.h">
      <Filter>Header Files\Hook</Filter>
    </ClInclude>
    <ClInclude Include="Hook/Hook.h">
      <Filter>Header Files\Hook</Filter>
    </ClInclude>
    <ClInclude Include="DummyExport.h">
      <Filter>Header Files</Filter>
    </ClInclude>
    <ClInclude Include="Common\ZXString.h">
      <Filter>Header Files\Common</Filter>
    </ClInclude>
    <ClInclude Include="Common\Utils.h">
      <Filter>Header Files\Common</Filter>
    </ClInclude>
  </ItemGroup>
  <ItemGroup>
    <None Include="Client.def">
      <Filter>Source Files</Filter>
    </None>
  </ItemGroup>
</Project>